# This file is autogenerated, do not edit; changes may be undone by the next 'dep ensure'.


[[projects]]
  branch = "master"
  name = "github.com/armon/go-socks5"
  packages = ["."]
  revision = "e75332964ef517daa070d7c38a9466a0d687e0a5"

[[projects]]
  branch = "master"
  name = "golang.org/x/net"
  packages = ["context","proxy"]
  revision = "cbe0f9307d0156177f9dd5dc85da1a31abc5f2fb"

[solve-meta]
  analyzer-name = "dep"
  analyzer-version = 1
  inputs-digest = "daeb3043496f9b726b4b16d6f7ef8acb0e1cc76daa8f74da74ea1e1ba8947451"
  solver-name = "gps-cdcl"
  solver-version = 1
